// !$*UTF8*$!
{
	archiveVersion = 1;
	classes = {
	};
	objectVersion = 51;
	objects = {

/* Begin PBXBuildFile section */
		0307DD82290B2C0A0060A951 /* HousesResponse.json in Resources */ = {isa = PBXBuildFile; fileRef = 0307DD81290B2C0A0060A951 /* HousesResponse.json */; };
		0307DD85290B2FCA0060A951 /* TestUtil.swift in Sources */ = {isa = PBXBuildFile; fileRef = 0307DD84290B2FCA0060A951 /* TestUtil.swift */; };
		0307DD87290B34C60060A951 /* HousePhotosResponse.json in Resources */ = {isa = PBXBuildFile; fileRef = 0307DD86290B34C60060A951 /* HousePhotosResponse.json */; };
		0310EBD5290BFD3000F806A1 /* SuperXCTestCase.swift in Sources */ = {isa = PBXBuildFile; fileRef = 0310EBD4290BFD3000F806A1 /* SuperXCTestCase.swift */; };
		0310EBD7290C042A00F806A1 /* HouseDetailsUITests.swift in Sources */ = {isa = PBXBuildFile; fileRef = 0310EBD6290C042A00F806A1 /* HouseDetailsUITests.swift */; };
		0334A36C2908790000C4EAAE /* TitleCell.swift in Sources */ = {isa = PBXBuildFile; fileRef = 0334A36B2908790000C4EAAE /* TitleCell.swift */; };
		0350B53E290DB998004D0ED5 /* UIGalleryView.swift in Sources */ = {isa = PBXBuildFile; fileRef = 0350B53D290DB998004D0ED5 /* UIGalleryView.swift */; };
		0350B542290DC41E004D0ED5 /* UIStackView.swift in Sources */ = {isa = PBXBuildFile; fileRef = 0350B541290DC41E004D0ED5 /* UIStackView.swift */; };
		0350B544290DCAB5004D0ED5 /* UIActorView.swift in Sources */ = {isa = PBXBuildFile; fileRef = 0350B543290DCAB5004D0ED5 /* UIActorView.swift */; };
		036187A4290C68E800BCBC3A /* PersonPhotosResponse.json in Resources */ = {isa = PBXBuildFile; fileRef = 036187A3290C68E800BCBC3A /* PersonPhotosResponse.json */; };
		036187A6290C690000BCBC3A /* Actor1880Response.json in Resources */ = {isa = PBXBuildFile; fileRef = 036187A5290C690000BCBC3A /* Actor1880Response.json */; };
		036187A8290C691500BCBC3A /* Actor1881Response.json in Resources */ = {isa = PBXBuildFile; fileRef = 036187A7290C691500BCBC3A /* Actor1881Response.json */; };
		036187AA290C692800BCBC3A /* Actor1882Response.json in Resources */ = {isa = PBXBuildFile; fileRef = 036187A9290C692800BCBC3A /* Actor1882Response.json */; };
		037430682905CFFE00FEABB7 /* HousesController+BindingModel.swift in Sources */ = {isa = PBXBuildFile; fileRef = 037430672905CFFE00FEABB7 /* HousesController+BindingModel.swift */; };
		0374306E2905D33700FEABB7 /* HouseDetailsController.swift in Sources */ = {isa = PBXBuildFile; fileRef = 0374306D2905D33700FEABB7 /* HouseDetailsController.swift */; };
		037430702905D34B00FEABB7 /* HouseDetailsViewModelProtocol.swift in Sources */ = {isa = PBXBuildFile; fileRef = 0374306F2905D34B00FEABB7 /* HouseDetailsViewModelProtocol.swift */; };
		037430722905D35C00FEABB7 /* HouseDetailsViewModel.swift in Sources */ = {isa = PBXBuildFile; fileRef = 037430712905D35C00FEABB7 /* HouseDetailsViewModel.swift */; };
		0376F56D290719EC00EB598D /* PhotoViewData.swift in Sources */ = {isa = PBXBuildFile; fileRef = 0376F56C290719EC00EB598D /* PhotoViewData.swift */; };
		0376F56F29071D5600EB598D /* BasePhotoCell.swift in Sources */ = {isa = PBXBuildFile; fileRef = 0376F56E29071D5600EB598D /* BasePhotoCell.swift */; };
		0376F5712907253000EB598D /* ActorCell.swift in Sources */ = {isa = PBXBuildFile; fileRef = 0376F5702907253000EB598D /* ActorCell.swift */; };
		0376F5732907257E00EB598D /* PhotoCell.swift in Sources */ = {isa = PBXBuildFile; fileRef = 0376F5722907257E00EB598D /* PhotoCell.swift */; };
		0376F57529072D1600EB598D /* ActorQueryItem.swift in Sources */ = {isa = PBXBuildFile; fileRef = 0376F57429072D1600EB598D /* ActorQueryItem.swift */; };
		0376F57729072D4E00EB598D /* ActorService.swift in Sources */ = {isa = PBXBuildFile; fileRef = 0376F57629072D4E00EB598D /* ActorService.swift */; };
		0376F57A2907390100EB598D /* ActorViewData.swift in Sources */ = {isa = PBXBuildFile; fileRef = 0376F5792907390100EB598D /* ActorViewData.swift */; };
		03841838290B0DB600B4A2BE /* ActualServicesTests.swift in Sources */ = {isa = PBXBuildFile; fileRef = 03841837290B0DB600B4A2BE /* ActualServicesTests.swift */; };
		0385D4092909C027006BAE91 /* MockHouseService.swift in Sources */ = {isa = PBXBuildFile; fileRef = 0385D4082909C027006BAE91 /* MockHouseService.swift */; };
		0385D40B2909C1AE006BAE91 /* HousesResponse.json in Resources */ = {isa = PBXBuildFile; fileRef = 0385D40A2909C1AE006BAE91 /* HousesResponse.json */; };
		0385D40D2909C277006BAE91 /* HousePhotosResponse.json in Resources */ = {isa = PBXBuildFile; fileRef = 0385D40C2909C277006BAE91 /* HousePhotosResponse.json */; };
		0385D40F2909C949006BAE91 /* MockPhotoService.swift in Sources */ = {isa = PBXBuildFile; fileRef = 0385D40E2909C949006BAE91 /* MockPhotoService.swift */; };
		0385D4122909CB3E006BAE91 /* HousesViewModelTests.swift in Sources */ = {isa = PBXBuildFile; fileRef = 0385D4112909CB3E006BAE91 /* HousesViewModelTests.swift */; };
		0385D4142909D5A2006BAE91 /* MockActorService.swift in Sources */ = {isa = PBXBuildFile; fileRef = 0385D4132909D5A2006BAE91 /* MockActorService.swift */; };
		0385D4162909D6A9006BAE91 /* Actor1880Response.json in Resources */ = {isa = PBXBuildFile; fileRef = 0385D4152909D6A9006BAE91 /* Actor1880Response.json */; };
		0385D4182909D6DB006BAE91 /* Actor1881Response.json in Resources */ = {isa = PBXBuildFile; fileRef = 0385D4172909D6DB006BAE91 /* Actor1881Response.json */; };
		0385D41A2909D715006BAE91 /* Actor1882Response.json in Resources */ = {isa = PBXBuildFile; fileRef = 0385D4192909D715006BAE91 /* Actor1882Response.json */; };
		0385D41C2909D769006BAE91 /* PersonPhotosResponse.json in Resources */ = {isa = PBXBuildFile; fileRef = 0385D41B2909D769006BAE91 /* PersonPhotosResponse.json */; };
		0385D41E2909DC97006BAE91 /* HouseDetailsViewModelTests.swift in Sources */ = {isa = PBXBuildFile; fileRef = 0385D41D2909DC97006BAE91 /* HouseDetailsViewModelTests.swift */; };
		03923585290D73F200630A58 /* SplashController.swift in Sources */ = {isa = PBXBuildFile; fileRef = 03923584290D73F200630A58 /* SplashController.swift */; };
		03923587290D807F00630A58 /* SplashUITest.swift in Sources */ = {isa = PBXBuildFile; fileRef = 03923586290D807F00630A58 /* SplashUITest.swift */; };
		03C857B7290571040054178A /* AppDelegate.swift in Sources */ = {isa = PBXBuildFile; fileRef = 03C857B6290571040054178A /* AppDelegate.swift */; };
		03C857B9290571040054178A /* SceneDelegate.swift in Sources */ = {isa = PBXBuildFile; fileRef = 03C857B8290571040054178A /* SceneDelegate.swift */; };
		03C857BB290571040054178A /* HousesController.swift in Sources */ = {isa = PBXBuildFile; fileRef = 03C857BA290571040054178A /* HousesController.swift */; };
		03C857C0290571050054178A /* Assets.xcassets in Resources */ = {isa = PBXBuildFile; fileRef = 03C857BF290571050054178A /* Assets.xcassets */; };
		03C857C3290571050054178A /* LaunchScreen.storyboard in Resources */ = {isa = PBXBuildFile; fileRef = 03C857C1290571050054178A /* LaunchScreen.storyboard */; };
		03C857CE290571050054178A /* MockServicesTests.swift in Sources */ = {isa = PBXBuildFile; fileRef = 03C857CD290571050054178A /* MockServicesTests.swift */; };
		03C857D9290571050054178A /* HousesUITests.swift in Sources */ = {isa = PBXBuildFile; fileRef = 03C857D8290571050054178A /* HousesUITests.swift */; };
		03C857EE290571DD0054178A /* Constant.swift in Sources */ = {isa = PBXBuildFile; fileRef = 03C857ED290571DD0054178A /* Constant.swift */; };
		03C857F6290573400054178A /* UIView.swift in Sources */ = {isa = PBXBuildFile; fileRef = 03C857F5290573400054178A /* UIView.swift */; };
		03C857FB290574370054178A /* UINavigationController.swift in Sources */ = {isa = PBXBuildFile; fileRef = 03C857FA290574370054178A /* UINavigationController.swift */; };
		03C857FD290575EB0054178A /* Coordinator.swift in Sources */ = {isa = PBXBuildFile; fileRef = 03C857FC290575EB0054178A /* Coordinator.swift */; };
		03C857FF290575F60054178A /* MainCoordinator.swift in Sources */ = {isa = PBXBuildFile; fileRef = 03C857FE290575F60054178A /* MainCoordinator.swift */; };
		03C85801290579350054178A /* APIManagerProtocol.swift in Sources */ = {isa = PBXBuildFile; fileRef = 03C85800290579350054178A /* APIManagerProtocol.swift */; };
		03C85803290579410054178A /* APIManager.swift in Sources */ = {isa = PBXBuildFile; fileRef = 03C85802290579410054178A /* APIManager.swift */; };
		03C85805290579840054178A /* EndPoint.swift in Sources */ = {isa = PBXBuildFile; fileRef = 03C85804290579840054178A /* EndPoint.swift */; };
		03C85807290579940054178A /* Method.swift in Sources */ = {isa = PBXBuildFile; fileRef = 03C85806290579940054178A /* Method.swift */; };
		03C85809290579AB0054178A /* APIError.swift in Sources */ = {isa = PBXBuildFile; fileRef = 03C85808290579AB0054178A /* APIError.swift */; };
		03C8580B29057E8C0054178A /* HouseService.swift in Sources */ = {isa = PBXBuildFile; fileRef = 03C8580A29057E8C0054178A /* HouseService.swift */; };
		03C8580D29057ED40054178A /* HouseQueryItem.swift in Sources */ = {isa = PBXBuildFile; fileRef = 03C8580C29057ED40054178A /* HouseQueryItem.swift */; };
		03C8580F29057F3C0054178A /* PhotoQuery.swift in Sources */ = {isa = PBXBuildFile; fileRef = 03C8580E29057F3C0054178A /* PhotoQuery.swift */; };
		03C8581129057F790054178A /* PhotoQueryItem.swift in Sources */ = {isa = PBXBuildFile; fileRef = 03C8581029057F790054178A /* PhotoQueryItem.swift */; };
		03C8581329057FA80054178A /* ResultLinks.swift in Sources */ = {isa = PBXBuildFile; fileRef = 03C8581229057FA80054178A /* ResultLinks.swift */; };
		03C8581529057FAF0054178A /* Tag.swift in Sources */ = {isa = PBXBuildFile; fileRef = 03C8581429057FAF0054178A /* Tag.swift */; };
		03C858172905801C0054178A /* Source.swift in Sources */ = {isa = PBXBuildFile; fileRef = 03C858162905801C0054178A /* Source.swift */; };
		03C85819290580300054178A /* Ancestry.swift in Sources */ = {isa = PBXBuildFile; fileRef = 03C85818290580300054178A /* Ancestry.swift */; };
		03C8581B290580B40054178A /* Urls.swift in Sources */ = {isa = PBXBuildFile; fileRef = 03C8581A290580B40054178A /* Urls.swift */; };
		03C8581D290580C90054178A /* User.swift in Sources */ = {isa = PBXBuildFile; fileRef = 03C8581C290580C90054178A /* User.swift */; };
		03C8581F290580FB0054178A /* UserLinks.swift in Sources */ = {isa = PBXBuildFile; fileRef = 03C8581E290580FB0054178A /* UserLinks.swift */; };
		03C85821290581340054178A /* ProfileImage.swift in Sources */ = {isa = PBXBuildFile; fileRef = 03C85820290581340054178A /* ProfileImage.swift */; };
		03C85823290581520054178A /* Social.swift in Sources */ = {isa = PBXBuildFile; fileRef = 03C85822290581520054178A /* Social.swift */; };
		03C85825290581840054178A /* ResultTopicSubmissions.swift in Sources */ = {isa = PBXBuildFile; fileRef = 03C85824290581840054178A /* ResultTopicSubmissions.swift */; };
		03C858272905818F0054178A /* ColorOfWater.swift in Sources */ = {isa = PBXBuildFile; fileRef = 03C858262905818F0054178A /* ColorOfWater.swift */; };
		03C85829290581CB0054178A /* Category.swift in Sources */ = {isa = PBXBuildFile; fileRef = 03C85828290581CB0054178A /* Category.swift */; };
		03C8582B290581F60054178A /* CoverPhoto.swift in Sources */ = {isa = PBXBuildFile; fileRef = 03C8582A290581F60054178A /* CoverPhoto.swift */; };
		03C8582D290582970054178A /* JSONNull.swift in Sources */ = {isa = PBXBuildFile; fileRef = 03C8582C290582970054178A /* JSONNull.swift */; };
		03C8582F290582AF0054178A /* JSONAny.swift in Sources */ = {isa = PBXBuildFile; fileRef = 03C8582E290582AF0054178A /* JSONAny.swift */; };
		03C85831290582F10054178A /* JSONCodingKey.swift in Sources */ = {isa = PBXBuildFile; fileRef = 03C85830290582F10054178A /* JSONCodingKey.swift */; };
		03C85833290583370054178A /* PhotoService.swift in Sources */ = {isa = PBXBuildFile; fileRef = 03C85832290583370054178A /* PhotoService.swift */; };
		03C85835290585F20054178A /* BaseViewController.swift in Sources */ = {isa = PBXBuildFile; fileRef = 03C85834290585F20054178A /* BaseViewController.swift */; };
		03C858372905860B0054178A /* BaseViewModelProtocol.swift in Sources */ = {isa = PBXBuildFile; fileRef = 03C858362905860B0054178A /* BaseViewModelProtocol.swift */; };
		03C8583A290587110054178A /* ErrorDataView.swift in Sources */ = {isa = PBXBuildFile; fileRef = 03C85839290587110054178A /* ErrorDataView.swift */; };
		03C8583C290587940054178A /* HousesViewModel.swift in Sources */ = {isa = PBXBuildFile; fileRef = 03C8583B290587940054178A /* HousesViewModel.swift */; };
		03C8583E290587DB0054178A /* HousesViewModelProtocol.swift in Sources */ = {isa = PBXBuildFile; fileRef = 03C8583D290587DB0054178A /* HousesViewModelProtocol.swift */; };
		03C8584029058A710054178A /* HouseCell.swift in Sources */ = {isa = PBXBuildFile; fileRef = 03C8583F29058A710054178A /* HouseCell.swift */; };
		03C8584329058E480054178A /* PhotoParams.swift in Sources */ = {isa = PBXBuildFile; fileRef = 03C8584229058E480054178A /* PhotoParams.swift */; };
		03C85845290592630054178A /* HouseViewData.swift in Sources */ = {isa = PBXBuildFile; fileRef = 03C85844290592630054178A /* HouseViewData.swift */; };
		03C8584729059B1B0054178A /* UICollectionView.swift in Sources */ = {isa = PBXBuildFile; fileRef = 03C8584629059B1B0054178A /* UICollectionView.swift */; };
		47434AC4679CF59B09FB8688 /* Pods_HousesApp_HousesAppUITests.framework in Frameworks */ = {isa = PBXBuildFile; fileRef = 62CA1F17829D89F6BE422012 /* Pods_HousesApp_HousesAppUITests.framework */; };
		6DA9A1F8271BD6B2166A160A /* Pods_HousesApp.framework in Frameworks */ = {isa = PBXBuildFile; fileRef = 567C28DF883796D4CA6F2BAC /* Pods_HousesApp.framework */; };
		EFC8C472CBEAC112D208CAFC /* Pods_HousesAppTests.framework in Frameworks */ = {isa = PBXBuildFile; fileRef = 8E0A20A69A87DB8AC487BCF6 /* Pods_HousesAppTests.framework */; };
/* End PBXBuildFile section */

/* Begin PBXContainerItemProxy section */
		03C857CA290571050054178A /* PBXContainerItemProxy */ = {
			isa = PBXContainerItemProxy;
			containerPortal = 03C857AB290571040054178A /* Project object */;
			proxyType = 1;
			remoteGlobalIDString = 03C857B2290571040054178A;
			remoteInfo = HousesApp;
		};
		03C857D5290571050054178A /* PBXContainerItemProxy */ = {
			isa = PBXContainerItemProxy;
			containerPortal = 03C857AB290571040054178A /* Project object */;
			proxyType = 1;
			remoteGlobalIDString = 03C857B2290571040054178A;
			remoteInfo = HousesApp;
		};
/* End PBXContainerItemProxy section */

/* Begin PBXFileReference section */
		0307DD81290B2C0A0060A951 /* HousesResponse.json */ = {isa = PBXFileReference; lastKnownFileType = text.json; path = HousesResponse.json; sourceTree = "<group>"; };
		0307DD84290B2FCA0060A951 /* TestUtil.swift */ = {isa = PBXFileReference; lastKnownFileType = sourcecode.swift; path = TestUtil.swift; sourceTree = "<group>"; };
		0307DD86290B34C60060A951 /* HousePhotosResponse.json */ = {isa = PBXFileReference; lastKnownFileType = text.json; path = HousePhotosResponse.json; sourceTree = "<group>"; };
		0310EBD4290BFD3000F806A1 /* SuperXCTestCase.swift */ = {isa = PBXFileReference; lastKnownFileType = sourcecode.swift; path = SuperXCTestCase.swift; sourceTree = "<group>"; };
		0310EBD6290C042A00F806A1 /* HouseDetailsUITests.swift */ = {isa = PBXFileReference; lastKnownFileType = sourcecode.swift; path = HouseDetailsUITests.swift; sourceTree = "<group>"; };
		0334A36B2908790000C4EAAE /* TitleCell.swift */ = {isa = PBXFileReference; lastKnownFileType = sourcecode.swift; path = TitleCell.swift; sourceTree = "<group>"; };
		0350B53D290DB998004D0ED5 /* UIGalleryView.swift */ = {isa = PBXFileReference; lastKnownFileType = sourcecode.swift; path = UIGalleryView.swift; sourceTree = "<group>"; };
		0350B541290DC41E004D0ED5 /* UIStackView.swift */ = {isa = PBXFileReference; lastKnownFileType = sourcecode.swift; path = UIStackView.swift; sourceTree = "<group>"; };
		0350B543290DCAB5004D0ED5 /* UIActorView.swift */ = {isa = PBXFileReference; lastKnownFileType = sourcecode.swift; path = UIActorView.swift; sourceTree = "<group>"; };
		036187A3290C68E800BCBC3A /* PersonPhotosResponse.json */ = {isa = PBXFileReference; lastKnownFileType = text.json; path = PersonPhotosResponse.json; sourceTree = "<group>"; };
		036187A5290C690000BCBC3A /* Actor1880Response.json */ = {isa = PBXFileReference; lastKnownFileType = text.json; path = Actor1880Response.json; sourceTree = "<group>"; };
		036187A7290C691500BCBC3A /* Actor1881Response.json */ = {isa = PBXFileReference; lastKnownFileType = text.json; path = Actor1881Response.json; sourceTree = "<group>"; };
		036187A9290C692800BCBC3A /* Actor1882Response.json */ = {isa = PBXFileReference; lastKnownFileType = text.json; path = Actor1882Response.json; sourceTree = "<group>"; };
		037430672905CFFE00FEABB7 /* HousesController+BindingModel.swift */ = {isa = PBXFileReference; lastKnownFileType = sourcecode.swift; path = "HousesController+BindingModel.swift"; sourceTree = "<group>"; };
		0374306D2905D33700FEABB7 /* HouseDetailsController.swift */ = {isa = PBXFileReference; lastKnownFileType = sourcecode.swift; path = HouseDetailsController.swift; sourceTree = "<group>"; };
		0374306F2905D34B00FEABB7 /* HouseDetailsViewModelProtocol.swift */ = {isa = PBXFileReference; lastKnownFileType = sourcecode.swift; path = HouseDetailsViewModelProtocol.swift; sourceTree = "<group>"; };
		037430712905D35C00FEABB7 /* HouseDetailsViewModel.swift */ = {isa = PBXFileReference; lastKnownFileType = sourcecode.swift; path = HouseDetailsViewModel.swift; sourceTree = "<group>"; };
		0376F56C290719EC00EB598D /* PhotoViewData.swift */ = {isa = PBXFileReference; lastKnownFileType = sourcecode.swift; path = PhotoViewData.swift; sourceTree = "<group>"; };
		0376F56E29071D5600EB598D /* BasePhotoCell.swift */ = {isa = PBXFileReference; lastKnownFileType = sourcecode.swift; path = BasePhotoCell.swift; sourceTree = "<group>"; };
		0376F5702907253000EB598D /* ActorCell.swift */ = {isa = PBXFileReference; lastKnownFileType = sourcecode.swift; path = ActorCell.swift; sourceTree = "<group>"; };
		0376F5722907257E00EB598D /* PhotoCell.swift */ = {isa = PBXFileReference; lastKnownFileType = sourcecode.swift; path = PhotoCell.swift; sourceTree = "<group>"; };
		0376F57429072D1600EB598D /* ActorQueryItem.swift */ = {isa = PBXFileReference; lastKnownFileType = sourcecode.swift; path = ActorQueryItem.swift; sourceTree = "<group>"; };
		0376F57629072D4E00EB598D /* ActorService.swift */ = {isa = PBXFileReference; lastKnownFileType = sourcecode.swift; path = ActorService.swift; sourceTree = "<group>"; };
		0376F5792907390100EB598D /* ActorViewData.swift */ = {isa = PBXFileReference; lastKnownFileType = sourcecode.swift; path = ActorViewData.swift; sourceTree = "<group>"; };
		03841837290B0DB600B4A2BE /* ActualServicesTests.swift */ = {isa = PBXFileReference; lastKnownFileType = sourcecode.swift; path = ActualServicesTests.swift; sourceTree = "<group>"; };
		0385D4082909C027006BAE91 /* MockHouseService.swift */ = {isa = PBXFileReference; lastKnownFileType = sourcecode.swift; path = MockHouseService.swift; sourceTree = "<group>"; };
		0385D40A2909C1AE006BAE91 /* HousesResponse.json */ = {isa = PBXFileReference; lastKnownFileType = text.json; path = HousesResponse.json; sourceTree = "<group>"; };
		0385D40C2909C277006BAE91 /* HousePhotosResponse.json */ = {isa = PBXFileReference; lastKnownFileType = text.json; path = HousePhotosResponse.json; sourceTree = "<group>"; };
		0385D40E2909C949006BAE91 /* MockPhotoService.swift */ = {isa = PBXFileReference; lastKnownFileType = sourcecode.swift; path = MockPhotoService.swift; sourceTree = "<group>"; };
		0385D4112909CB3E006BAE91 /* HousesViewModelTests.swift */ = {isa = PBXFileReference; lastKnownFileType = sourcecode.swift; path = HousesViewModelTests.swift; sourceTree = "<group>"; };
		0385D4132909D5A2006BAE91 /* MockActorService.swift */ = {isa = PBXFileReference; lastKnownFileType = sourcecode.swift; path = MockActorService.swift; sourceTree = "<group>"; };
		0385D4152909D6A9006BAE91 /* Actor1880Response.json */ = {isa = PBXFileReference; lastKnownFileType = text.json; path = Actor1880Response.json; sourceTree = "<group>"; };
		0385D4172909D6DB006BAE91 /* Actor1881Response.json */ = {isa = PBXFileReference; lastKnownFileType = text.json; path = Actor1881Response.json; sourceTree = "<group>"; };
		0385D4192909D715006BAE91 /* Actor1882Response.json */ = {isa = PBXFileReference; lastKnownFileType = text.json; path = Actor1882Response.json; sourceTree = "<group>"; };
		0385D41B2909D769006BAE91 /* PersonPhotosResponse.json */ = {isa = PBXFileReference; lastKnownFileType = text.json; path = PersonPhotosResponse.json; sourceTree = "<group>"; };
		0385D41D2909DC97006BAE91 /* HouseDetailsViewModelTests.swift */ = {isa = PBXFileReference; lastKnownFileType = sourcecode.swift; path = HouseDetailsViewModelTests.swift; sourceTree = "<group>"; };
		03923584290D73F200630A58 /* SplashController.swift */ = {isa = PBXFileReference; lastKnownFileType = sourcecode.swift; path = SplashController.swift; sourceTree = "<group>"; };
		03923586290D807F00630A58 /* SplashUITest.swift */ = {isa = PBXFileReference; lastKnownFileType = sourcecode.swift; path = SplashUITest.swift; sourceTree = "<group>"; };
		03C857B3290571040054178A /* HousesApp.app */ = {isa = PBXFileReference; explicitFileType = wrapper.application; includeInIndex = 0; path = HousesApp.app; sourceTree = BUILT_PRODUCTS_DIR; };
		03C857B6290571040054178A /* AppDelegate.swift */ = {isa = PBXFileReference; lastKnownFileType = sourcecode.swift; path = AppDelegate.swift; sourceTree = "<group>"; };
		03C857B8290571040054178A /* SceneDelegate.swift */ = {isa = PBXFileReference; lastKnownFileType = sourcecode.swift; path = SceneDelegate.swift; sourceTree = "<group>"; };
		03C857BA290571040054178A /* HousesController.swift */ = {isa = PBXFileReference; lastKnownFileType = sourcecode.swift; path = HousesController.swift; sourceTree = "<group>"; };
		03C857BF290571050054178A /* Assets.xcassets */ = {isa = PBXFileReference; lastKnownFileType = folder.assetcatalog; path = Assets.xcassets; sourceTree = "<group>"; };
		03C857C2290571050054178A /* Base */ = {isa = PBXFileReference; lastKnownFileType = file.storyboard; name = Base; path = Base.lproj/LaunchScreen.storyboard; sourceTree = "<group>"; };
		03C857C4290571050054178A /* Info.plist */ = {isa = PBXFileReference; lastKnownFileType = text.plist.xml; path = Info.plist; sourceTree = "<group>"; };
		03C857C9290571050054178A /* HousesAppTests.xctest */ = {isa = PBXFileReference; explicitFileType = wrapper.cfbundle; includeInIndex = 0; path = HousesAppTests.xctest; sourceTree = BUILT_PRODUCTS_DIR; };
		03C857CD290571050054178A /* MockServicesTests.swift */ = {isa = PBXFileReference; lastKnownFileType = sourcecode.swift; path = MockServicesTests.swift; sourceTree = "<group>"; };
		03C857CF290571050054178A /* Info.plist */ = {isa = PBXFileReference; lastKnownFileType = text.plist.xml; path = Info.plist; sourceTree = "<group>"; };
		03C857D4290571050054178A /* HousesAppUITests.xctest */ = {isa = PBXFileReference; explicitFileType = wrapper.cfbundle; includeInIndex = 0; path = HousesAppUITests.xctest; sourceTree = BUILT_PRODUCTS_DIR; };
		03C857D8290571050054178A /* HousesUITests.swift */ = {isa = PBXFileReference; lastKnownFileType = sourcecode.swift; path = HousesUITests.swift; sourceTree = "<group>"; };
		03C857DA290571050054178A /* Info.plist */ = {isa = PBXFileReference; lastKnownFileType = text.plist.xml; path = Info.plist; sourceTree = "<group>"; };
		03C857ED290571DD0054178A /* Constant.swift */ = {isa = PBXFileReference; lastKnownFileType = sourcecode.swift; path = Constant.swift; sourceTree = "<group>"; };
		03C857F5290573400054178A /* UIView.swift */ = {isa = PBXFileReference; lastKnownFileType = sourcecode.swift; path = UIView.swift; sourceTree = "<group>"; };
		03C857FA290574370054178A /* UINavigationController.swift */ = {isa = PBXFileReference; lastKnownFileType = sourcecode.swift; path = UINavigationController.swift; sourceTree = "<group>"; };
		03C857FC290575EB0054178A /* Coordinator.swift */ = {isa = PBXFileReference; lastKnownFileType = sourcecode.swift; path = Coordinator.swift; sourceTree = "<group>"; };
		03C857FE290575F60054178A /* MainCoordinator.swift */ = {isa = PBXFileReference; lastKnownFileType = sourcecode.swift; path = MainCoordinator.swift; sourceTree = "<group>"; };
		03C85800290579350054178A /* APIManagerProtocol.swift */ = {isa = PBXFileReference; lastKnownFileType = sourcecode.swift; path = APIManagerProtocol.swift; sourceTree = "<group>"; };
		03C85802290579410054178A /* APIManager.swift */ = {isa = PBXFileReference; lastKnownFileType = sourcecode.swift; path = APIManager.swift; sourceTree = "<group>"; };
		03C85804290579840054178A /* EndPoint.swift */ = {isa = PBXFileReference; lastKnownFileType = sourcecode.swift; path = EndPoint.swift; sourceTree = "<group>"; };
		03C85806290579940054178A /* Method.swift */ = {isa = PBXFileReference; lastKnownFileType = sourcecode.swift; path = Method.swift; sourceTree = "<group>"; };
		03C85808290579AB0054178A /* APIError.swift */ = {isa = PBXFileReference; lastKnownFileType = sourcecode.swift; path = APIError.swift; sourceTree = "<group>"; };
		03C8580A29057E8C0054178A /* HouseService.swift */ = {isa = PBXFileReference; lastKnownFileType = sourcecode.swift; path = HouseService.swift; sourceTree = "<group>"; };
		03C8580C29057ED40054178A /* HouseQueryItem.swift */ = {isa = PBXFileReference; lastKnownFileType = sourcecode.swift; path = HouseQueryItem.swift; sourceTree = "<group>"; };
		03C8580E29057F3C0054178A /* PhotoQuery.swift */ = {isa = PBXFileReference; lastKnownFileType = sourcecode.swift; path = PhotoQuery.swift; sourceTree = "<group>"; };
		03C8581029057F790054178A /* PhotoQueryItem.swift */ = {isa = PBXFileReference; lastKnownFileType = sourcecode.swift; path = PhotoQueryItem.swift; sourceTree = "<group>"; };
		03C8581229057FA80054178A /* ResultLinks.swift */ = {isa = PBXFileReference; lastKnownFileType = sourcecode.swift; path = ResultLinks.swift; sourceTree = "<group>"; };
		03C8581429057FAF0054178A /* Tag.swift */ = {isa = PBXFileReference; lastKnownFileType = sourcecode.swift; path = Tag.swift; sourceTree = "<group>"; };
		03C858162905801C0054178A /* Source.swift */ = {isa = PBXFileReference; lastKnownFileType = sourcecode.swift; path = Source.swift; sourceTree = "<group>"; };
		03C85818290580300054178A /* Ancestry.swift */ = {isa = PBXFileReference; lastKnownFileType = sourcecode.swift; path = Ancestry.swift; sourceTree = "<group>"; };
		03C8581A290580B40054178A /* Urls.swift */ = {isa = PBXFileReference; lastKnownFileType = sourcecode.swift; path = Urls.swift; sourceTree = "<group>"; };
		03C8581C290580C90054178A /* User.swift */ = {isa = PBXFileReference; lastKnownFileType = sourcecode.swift; path = User.swift; sourceTree = "<group>"; };
		03C8581E290580FB0054178A /* UserLinks.swift */ = {isa = PBXFileReference; lastKnownFileType = sourcecode.swift; path = UserLinks.swift; sourceTree = "<group>"; };
		03C85820290581340054178A /* ProfileImage.swift */ = {isa = PBXFileReference; lastKnownFileType = sourcecode.swift; path = ProfileImage.swift; sourceTree = "<group>"; };
		03C85822290581520054178A /* Social.swift */ = {isa = PBXFileReference; lastKnownFileType = sourcecode.swift; path = Social.swift; sourceTree = "<group>"; };
		03C85824290581840054178A /* ResultTopicSubmissions.swift */ = {isa = PBXFileReference; lastKnownFileType = sourcecode.swift; path = ResultTopicSubmissions.swift; sourceTree = "<group>"; };
		03C858262905818F0054178A /* ColorOfWater.swift */ = {isa = PBXFileReference; lastKnownFileType = sourcecode.swift; path = ColorOfWater.swift; sourceTree = "<group>"; };
		03C85828290581CB0054178A /* Category.swift */ = {isa = PBXFileReference; lastKnownFileType = sourcecode.swift; path = Category.swift; sourceTree = "<group>"; };
		03C8582A290581F60054178A /* CoverPhoto.swift */ = {isa = PBXFileReference; lastKnownFileType = sourcecode.swift; path = CoverPhoto.swift; sourceTree = "<group>"; };
		03C8582C290582970054178A /* JSONNull.swift */ = {isa = PBXFileReference; lastKnownFileType = sourcecode.swift; path = JSONNull.swift; sourceTree = "<group>"; };
		03C8582E290582AF0054178A /* JSONAny.swift */ = {isa = PBXFileReference; lastKnownFileType = sourcecode.swift; path = JSONAny.swift; sourceTree = "<group>"; };
		03C85830290582F10054178A /* JSONCodingKey.swift */ = {isa = PBXFileReference; lastKnownFileType = sourcecode.swift; path = JSONCodingKey.swift; sourceTree = "<group>"; };
		03C85832290583370054178A /* PhotoService.swift */ = {isa = PBXFileReference; lastKnownFileType = sourcecode.swift; path = PhotoService.swift; sourceTree = "<group>"; };
		03C85834290585F20054178A /* BaseViewController.swift */ = {isa = PBXFileReference; lastKnownFileType = sourcecode.swift; path = BaseViewController.swift; sourceTree = "<group>"; };
		03C858362905860B0054178A /* BaseViewModelProtocol.swift */ = {isa = PBXFileReference; lastKnownFileType = sourcecode.swift; path = BaseViewModelProtocol.swift; sourceTree = "<group>"; };
		03C85839290587110054178A /* ErrorDataView.swift */ = {isa = PBXFileReference; lastKnownFileType = sourcecode.swift; path = ErrorDataView.swift; sourceTree = "<group>"; };
		03C8583B290587940054178A /* HousesViewModel.swift */ = {isa = PBXFileReference; lastKnownFileType = sourcecode.swift; path = HousesViewModel.swift; sourceTree = "<group>"; };
		03C8583D290587DB0054178A /* HousesViewModelProtocol.swift */ = {isa = PBXFileReference; lastKnownFileType = sourcecode.swift; path = HousesViewModelProtocol.swift; sourceTree = "<group>"; };
		03C8583F29058A710054178A /* HouseCell.swift */ = {isa = PBXFileReference; lastKnownFileType = sourcecode.swift; path = HouseCell.swift; sourceTree = "<group>"; };
		03C8584229058E480054178A /* PhotoParams.swift */ = {isa = PBXFileReference; lastKnownFileType = sourcecode.swift; path = PhotoParams.swift; sourceTree = "<group>"; };
		03C85844290592630054178A /* HouseViewData.swift */ = {isa = PBXFileReference; lastKnownFileType = sourcecode.swift; path = HouseViewData.swift; sourceTree = "<group>"; };
		03C8584629059B1B0054178A /* UICollectionView.swift */ = {isa = PBXFileReference; lastKnownFileType = sourcecode.swift; path = UICollectionView.swift; sourceTree = "<group>"; };
		1C77F0E80A6C91C101B8C026 /* Pods-HousesApp.debug.xcconfig */ = {isa = PBXFileReference; includeInIndex = 1; lastKnownFileType = text.xcconfig; name = "Pods-HousesApp.debug.xcconfig"; path = "Target Support Files/Pods-HousesApp/Pods-HousesApp.debug.xcconfig"; sourceTree = "<group>"; };
		4E50C8088B3A9AD881AF9953 /* Pods-HousesApp-HousesAppUITests.debug.xcconfig */ = {isa = PBXFileReference; includeInIndex = 1; lastKnownFileType = text.xcconfig; name = "Pods-HousesApp-HousesAppUITests.debug.xcconfig"; path = "Target Support Files/Pods-HousesApp-HousesAppUITests/Pods-HousesApp-HousesAppUITests.debug.xcconfig"; sourceTree = "<group>"; };
		567C28DF883796D4CA6F2BAC /* Pods_HousesApp.framework */ = {isa = PBXFileReference; explicitFileType = wrapper.framework; includeInIndex = 0; path = Pods_HousesApp.framework; sourceTree = BUILT_PRODUCTS_DIR; };
		62CA1F17829D89F6BE422012 /* Pods_HousesApp_HousesAppUITests.framework */ = {isa = PBXFileReference; explicitFileType = wrapper.framework; includeInIndex = 0; path = Pods_HousesApp_HousesAppUITests.framework; sourceTree = BUILT_PRODUCTS_DIR; };
		8E0A20A69A87DB8AC487BCF6 /* Pods_HousesAppTests.framework */ = {isa = PBXFileReference; explicitFileType = wrapper.framework; includeInIndex = 0; path = Pods_HousesAppTests.framework; sourceTree = BUILT_PRODUCTS_DIR; };
		9E8DAA2551264982875FB76A /* Pods-HousesApp.release.xcconfig */ = {isa = PBXFileReference; includeInIndex = 1; lastKnownFileType = text.xcconfig; name = "Pods-HousesApp.release.xcconfig"; path = "Target Support Files/Pods-HousesApp/Pods-HousesApp.release.xcconfig"; sourceTree = "<group>"; };
		D91F44A59C2977FA16A6F6A9 /* Pods-HousesAppTests.debug.xcconfig */ = {isa = PBXFileReference; includeInIndex = 1; lastKnownFileType = text.xcconfig; name = "Pods-HousesAppTests.debug.xcconfig"; path = "Target Support Files/Pods-HousesAppTests/Pods-HousesAppTests.debug.xcconfig"; sourceTree = "<group>"; };
		DCCA782DE3D699A55A78EA51 /* Pods-HousesApp-HousesAppUITests.release.xcconfig */ = {isa = PBXFileReference; includeInIndex = 1; lastKnownFileType = text.xcconfig; name = "Pods-HousesApp-HousesAppUITests.release.xcconfig"; path = "Target Support Files/Pods-HousesApp-HousesAppUITests/Pods-HousesApp-HousesAppUITests.release.xcconfig"; sourceTree = "<group>"; };
		EDED444B5431942E87000F69 /* Pods-HousesAppTests.release.xcconfig */ = {isa = PBXFileReference; includeInIndex = 1; lastKnownFileType = text.xcconfig; name = "Pods-HousesAppTests.release.xcconfig"; path = "Target Support Files/Pods-HousesAppTests/Pods-HousesAppTests.release.xcconfig"; sourceTree = "<group>"; };
/* End PBXFileReference section */

/* Begin PBXFrameworksBuildPhase section */
		03C857B0290571040054178A /* Frameworks */ = {
			isa = PBXFrameworksBuildPhase;
			buildActionMask = 2147483647;
			files = (
				6DA9A1F8271BD6B2166A160A /* Pods_HousesApp.framework in Frameworks */,
			);
			runOnlyForDeploymentPostprocessing = 0;
		};
		03C857C6290571050054178A /* Frameworks */ = {
			isa = PBXFrameworksBuildPhase;
			buildActionMask = 2147483647;
			files = (
				EFC8C472CBEAC112D208CAFC /* Pods_HousesAppTests.framework in Frameworks */,
			);
			runOnlyForDeploymentPostprocessing = 0;
		};
		03C857D1290571050054178A /* Frameworks */ = {
			isa = PBXFrameworksBuildPhase;
			buildActionMask = 2147483647;
			files = (
				47434AC4679CF59B09FB8688 /* Pods_HousesApp_HousesAppUITests.framework in Frameworks */,
			);
			runOnlyForDeploymentPostprocessing = 0;
		};
/* End PBXFrameworksBuildPhase section */

/* Begin PBXGroup section */
		0307DD83290B2F3A0060A951 /* JSON */ = {
			isa = PBXGroup;
			children = (
				0307DD81290B2C0A0060A951 /* HousesResponse.json */,
				0307DD86290B34C60060A951 /* HousePhotosResponse.json */,
				036187A3290C68E800BCBC3A /* PersonPhotosResponse.json */,
				036187A5290C690000BCBC3A /* Actor1880Response.json */,
				036187A7290C691500BCBC3A /* Actor1881Response.json */,
				036187A9290C692800BCBC3A /* Actor1882Response.json */,
				0307DD84290B2FCA0060A951 /* TestUtil.swift */,
			);
			path = JSON;
			sourceTree = "<group>";
		};
		0350B53C290DB971004D0ED5 /* Custom */ = {
			isa = PBXGroup;
			children = (
				0350B53D290DB998004D0ED5 /* UIGalleryView.swift */,
				0350B543290DCAB5004D0ED5 /* UIActorView.swift */,
			);
			path = Custom;
			sourceTree = "<group>";
		};
		037430692905D2DE00FEABB7 /* HouseDetails */ = {
			isa = PBXGroup;
			children = (
				0376F578290738EA00EB598D /* Model */,
				0374306C2905D2F900FEABB7 /* ViewModel */,
				0374306A2905D2EB00FEABB7 /* Views */,
			);
			path = HouseDetails;
			sourceTree = "<group>";
		};
		0374306A2905D2EB00FEABB7 /* Views */ = {
			isa = PBXGroup;
			children = (
				0350B53C290DB971004D0ED5 /* Custom */,
				0374306B2905D2F100FEABB7 /* Cells */,
				0374306D2905D33700FEABB7 /* HouseDetailsController.swift */,
			);
			path = Views;
			sourceTree = "<group>";
		};
		0374306B2905D2F100FEABB7 /* Cells */ = {
			isa = PBXGroup;
			children = (
				0376F56E29071D5600EB598D /* BasePhotoCell.swift */,
				0376F5722907257E00EB598D /* PhotoCell.swift */,
				0376F5702907253000EB598D /* ActorCell.swift */,
				0334A36B2908790000C4EAAE /* TitleCell.swift */,
			);
			path = Cells;
			sourceTree = "<group>";
		};
		0374306C2905D2F900FEABB7 /* ViewModel */ = {
			isa = PBXGroup;
			children = (
				0374306F2905D34B00FEABB7 /* HouseDetailsViewModelProtocol.swift */,
				037430712905D35C00FEABB7 /* HouseDetailsViewModel.swift */,
			);
			path = ViewModel;
			sourceTree = "<group>";
		};
		0376F578290738EA00EB598D /* Model */ = {
			isa = PBXGroup;
			children = (
				0376F5792907390100EB598D /* ActorViewData.swift */,
			);
			path = Model;
			sourceTree = "<group>";
		};
		03841839290B0E4900B4A2BE /* Services */ = {
			isa = PBXGroup;
			children = (
				03841837290B0DB600B4A2BE /* ActualServicesTests.swift */,
				03C857CD290571050054178A /* MockServicesTests.swift */,
			);
			path = Services;
			sourceTree = "<group>";
		};
		0385D4072909BFE7006BAE91 /* Mock */ = {
			isa = PBXGroup;
			children = (
				0385D4082909C027006BAE91 /* MockHouseService.swift */,
				0385D40E2909C949006BAE91 /* MockPhotoService.swift */,
				0385D4132909D5A2006BAE91 /* MockActorService.swift */,
			);
			path = Mock;
			sourceTree = "<group>";
		};
		0385D4102909CAFE006BAE91 /* ViewModels */ = {
			isa = PBXGroup;
			children = (
				0385D4112909CB3E006BAE91 /* HousesViewModelTests.swift */,
				0385D41D2909DC97006BAE91 /* HouseDetailsViewModelTests.swift */,
			);
			path = ViewModels;
			sourceTree = "<group>";
		};
		03C857AA290571040054178A = {
			isa = PBXGroup;
			children = (
				03C857B5290571040054178A /* HousesApp */,
				03C857CC290571050054178A /* HousesAppTests */,
				03C857D7290571050054178A /* HousesAppUITests */,
				03C857B4290571040054178A /* Products */,
				CACC6C29B8AEB6B7DBA14592 /* Pods */,
				224B1C77C4B1574DA251A5B2 /* Frameworks */,
			);
			sourceTree = "<group>";
		};
		03C857B4290571040054178A /* Products */ = {
			isa = PBXGroup;
			children = (
				03C857B3290571040054178A /* HousesApp.app */,
				03C857C9290571050054178A /* HousesAppTests.xctest */,
				03C857D4290571050054178A /* HousesAppUITests.xctest */,
			);
			name = Products;
			sourceTree = "<group>";
		};
		03C857B5290571040054178A /* HousesApp */ = {
			isa = PBXGroup;
			children = (
				03C857E8290571430054178A /* Screens */,
				03C857E92905714C0054178A /* Base */,
				03C857E62905712A0054178A /* Networking */,
				03C857E7290571360054178A /* Utilities */,
				03C857EA2905719A0054178A /* Resources */,
			);
			path = HousesApp;
			sourceTree = "<group>";
		};
		03C857CC290571050054178A /* HousesAppTests */ = {
			isa = PBXGroup;
			children = (
				0385D4072909BFE7006BAE91 /* Mock */,
				0385D4102909CAFE006BAE91 /* ViewModels */,
				03841839290B0E4900B4A2BE /* Services */,
				03C857CF290571050054178A /* Info.plist */,
			);
			path = HousesAppTests;
			sourceTree = "<group>";
		};
		03C857D7290571050054178A /* HousesAppUITests */ = {
			isa = PBXGroup;
			children = (
				0307DD83290B2F3A0060A951 /* JSON */,
				03923586290D807F00630A58 /* SplashUITest.swift */,
				03C857D8290571050054178A /* HousesUITests.swift */,
				0310EBD6290C042A00F806A1 /* HouseDetailsUITests.swift */,
				0310EBD4290BFD3000F806A1 /* SuperXCTestCase.swift */,
				03C857DA290571050054178A /* Info.plist */,
			);
			path = HousesAppUITests;
			sourceTree = "<group>";
		};
		03C857E62905712A0054178A /* Networking */ = {
			isa = PBXGroup;
			children = (
				03C857F42905729A0054178A /* Entity */,
				03C857F32905728C0054178A /* Services */,
				03C857F2290572860054178A /* Enums */,
				03C857F1290572820054178A /* Base */,
			);
			path = Networking;
			sourceTree = "<group>";
		};
		03C857E7290571360054178A /* Utilities */ = {
			isa = PBXGroup;
			children = (
				03C857EC290571BF0054178A /* Extensions */,
				03C857EB290571B10054178A /* Coordinator */,
				03C857B8290571040054178A /* SceneDelegate.swift */,
				03C857B6290571040054178A /* AppDelegate.swift */,
				03C857ED290571DD0054178A /* Constant.swift */,
				03C857C4290571050054178A /* Info.plist */,
			);
			path = Utilities;
			sourceTree = "<group>";
		};
		03C857E8290571430054178A /* Screens */ = {
			isa = PBXGroup;
			children = (
				037430692905D2DE00FEABB7 /* HouseDetails */,
				03C857F0290572120054178A /* Houses */,
				03C857EF290572090054178A /* Splash */,
			);
			path = Screens;
			sourceTree = "<group>";
		};
		03C857E92905714C0054178A /* Base */ = {
			isa = PBXGroup;
			children = (
				03C85838290586D20054178A /* Model */,
				03C85834290585F20054178A /* BaseViewController.swift */,
				03C858362905860B0054178A /* BaseViewModelProtocol.swift */,
			);
			path = Base;
			sourceTree = "<group>";
		};
		03C857EA2905719A0054178A /* Resources */ = {
			isa = PBXGroup;
			children = (
				03C857BF290571050054178A /* Assets.xcassets */,
				0385D40A2909C1AE006BAE91 /* HousesResponse.json */,
				0385D40C2909C277006BAE91 /* HousePhotosResponse.json */,
				0385D41B2909D769006BAE91 /* PersonPhotosResponse.json */,
				0385D4152909D6A9006BAE91 /* Actor1880Response.json */,
				0385D4172909D6DB006BAE91 /* Actor1881Response.json */,
				0385D4192909D715006BAE91 /* Actor1882Response.json */,
			);
			path = Resources;
			sourceTree = "<group>";
		};
		03C857EB290571B10054178A /* Coordinator */ = {
			isa = PBXGroup;
			children = (
				03C857FC290575EB0054178A /* Coordinator.swift */,
				03C857FE290575F60054178A /* MainCoordinator.swift */,
			);
			path = Coordinator;
			sourceTree = "<group>";
		};
		03C857EC290571BF0054178A /* Extensions */ = {
			isa = PBXGroup;
			children = (
				03C857F5290573400054178A /* UIView.swift */,
				03C857FA290574370054178A /* UINavigationController.swift */,
				03C8584629059B1B0054178A /* UICollectionView.swift */,
				0350B541290DC41E004D0ED5 /* UIStackView.swift */,
			);
			path = Extensions;
			sourceTree = "<group>";
		};
		03C857EF290572090054178A /* Splash */ = {
			isa = PBXGroup;
			children = (
				03C857C1290571050054178A /* LaunchScreen.storyboard */,
				03923584290D73F200630A58 /* SplashController.swift */,
			);
			path = Splash;
			sourceTree = "<group>";
		};
		03C857F0290572120054178A /* Houses */ = {
			isa = PBXGroup;
			children = (
				03C857F9290573FA0054178A /* ViewModel */,
				03C857F8290573E80054178A /* Views */,
				03C857F7290573E20054178A /* Model */,
			);
			path = Houses;
			sourceTree = "<group>";
		};
		03C857F1290572820054178A /* Base */ = {
			isa = PBXGroup;
			children = (
				03C85800290579350054178A /* APIManagerProtocol.swift */,
				03C85802290579410054178A /* APIManager.swift */,
			);
			path = Base;
			sourceTree = "<group>";
		};
		03C857F2290572860054178A /* Enums */ = {
			isa = PBXGroup;
			children = (
				03C85804290579840054178A /* EndPoint.swift */,
				03C85806290579940054178A /* Method.swift */,
				03C85808290579AB0054178A /* APIError.swift */,
			);
			path = Enums;
			sourceTree = "<group>";
		};
		03C857F32905728C0054178A /* Services */ = {
			isa = PBXGroup;
			children = (
				03C8580A29057E8C0054178A /* HouseService.swift */,
				03C85832290583370054178A /* PhotoService.swift */,
				0376F57629072D4E00EB598D /* ActorService.swift */,
			);
			path = Services;
			sourceTree = "<group>";
		};
		03C857F42905729A0054178A /* Entity */ = {
			isa = PBXGroup;
			children = (
				03C8580C29057ED40054178A /* HouseQueryItem.swift */,
				03C8580E29057F3C0054178A /* PhotoQuery.swift */,
				03C8581029057F790054178A /* PhotoQueryItem.swift */,
				03C8581229057FA80054178A /* ResultLinks.swift */,
				03C8581429057FAF0054178A /* Tag.swift */,
				03C858162905801C0054178A /* Source.swift */,
				03C85818290580300054178A /* Ancestry.swift */,
				03C8581A290580B40054178A /* Urls.swift */,
				03C8581C290580C90054178A /* User.swift */,
				03C8581E290580FB0054178A /* UserLinks.swift */,
				03C85820290581340054178A /* ProfileImage.swift */,
				03C85822290581520054178A /* Social.swift */,
				03C85824290581840054178A /* ResultTopicSubmissions.swift */,
				03C858262905818F0054178A /* ColorOfWater.swift */,
				03C85828290581CB0054178A /* Category.swift */,
				03C8582A290581F60054178A /* CoverPhoto.swift */,
				03C8582C290582970054178A /* JSONNull.swift */,
				03C8582E290582AF0054178A /* JSONAny.swift */,
				03C85830290582F10054178A /* JSONCodingKey.swift */,
				0376F57429072D1600EB598D /* ActorQueryItem.swift */,
			);
			path = Entity;
			sourceTree = "<group>";
		};
		03C857F7290573E20054178A /* Model */ = {
			isa = PBXGroup;
			children = (
				03C8584229058E480054178A /* PhotoParams.swift */,
				03C85844290592630054178A /* HouseViewData.swift */,
				0376F56C290719EC00EB598D /* PhotoViewData.swift */,
			);
			path = Model;
			sourceTree = "<group>";
		};
		03C857F8290573E80054178A /* Views */ = {
			isa = PBXGroup;
			children = (
				03C8584129058A740054178A /* Cells */,
				03C857BA290571040054178A /* HousesController.swift */,
				037430672905CFFE00FEABB7 /* HousesController+BindingModel.swift */,
			);
			path = Views;
			sourceTree = "<group>";
		};
		03C857F9290573FA0054178A /* ViewModel */ = {
			isa = PBXGroup;
			children = (
				03C8583D290587DB0054178A /* HousesViewModelProtocol.swift */,
				03C8583B290587940054178A /* HousesViewModel.swift */,
			);
			path = ViewModel;
			sourceTree = "<group>";
		};
		03C85838290586D20054178A /* Model */ = {
			isa = PBXGroup;
			children = (
				03C85839290587110054178A /* ErrorDataView.swift */,
			);
			path = Model;
			sourceTree = "<group>";
		};
		03C8584129058A740054178A /* Cells */ = {
			isa = PBXGroup;
			children = (
				03C8583F29058A710054178A /* HouseCell.swift */,
			);
			path = Cells;
			sourceTree = "<group>";
		};
		224B1C77C4B1574DA251A5B2 /* Frameworks */ = {
			isa = PBXGroup;
			children = (
				567C28DF883796D4CA6F2BAC /* Pods_HousesApp.framework */,
				62CA1F17829D89F6BE422012 /* Pods_HousesApp_HousesAppUITests.framework */,
				8E0A20A69A87DB8AC487BCF6 /* Pods_HousesAppTests.framework */,
			);
			name = Frameworks;
			sourceTree = "<group>";
		};
		CACC6C29B8AEB6B7DBA14592 /* Pods */ = {
			isa = PBXGroup;
			children = (
				1C77F0E80A6C91C101B8C026 /* Pods-HousesApp.debug.xcconfig */,
				9E8DAA2551264982875FB76A /* Pods-HousesApp.release.xcconfig */,
				4E50C8088B3A9AD881AF9953 /* Pods-HousesApp-HousesAppUITests.debug.xcconfig */,
				DCCA782DE3D699A55A78EA51 /* Pods-HousesApp-HousesAppUITests.release.xcconfig */,
				D91F44A59C2977FA16A6F6A9 /* Pods-HousesAppTests.debug.xcconfig */,
				EDED444B5431942E87000F69 /* Pods-HousesAppTests.release.xcconfig */,
			);
			path = Pods;
			sourceTree = "<group>";
		};
/* End PBXGroup section */

/* Begin PBXNativeTarget section */
		03C857B2290571040054178A /* HousesApp */ = {
			isa = PBXNativeTarget;
			buildConfigurationList = 03C857DD290571050054178A /* Build configuration list for PBXNativeTarget "HousesApp" */;
			buildPhases = (
				0A09C7B465B981E54843BF74 /* [CP] Check Pods Manifest.lock */,
				03C857AF290571040054178A /* Sources */,
				03C857B0290571040054178A /* Frameworks */,
				03C857B1290571040054178A /* Resources */,
				B353D431C1FB35F5550026A7 /* [CP] Embed Pods Frameworks */,
			);
			buildRules = (
			);
			dependencies = (
			);
			name = HousesApp;
			productName = HousesApp;
			productReference = 03C857B3290571040054178A /* HousesApp.app */;
			productType = "com.apple.product-type.application";
		};
		03C857C8290571050054178A /* HousesAppTests */ = {
			isa = PBXNativeTarget;
			buildConfigurationList = 03C857E0290571050054178A /* Build configuration list for PBXNativeTarget "HousesAppTests" */;
			buildPhases = (
				5D1BEC4A932A1A48A53166ED /* [CP] Check Pods Manifest.lock */,
				03C857C5290571050054178A /* Sources */,
				03C857C6290571050054178A /* Frameworks */,
				03C857C7290571050054178A /* Resources */,
			);
			buildRules = (
			);
			dependencies = (
				03C857CB290571050054178A /* PBXTargetDependency */,
			);
			name = HousesAppTests;
			productName = HousesAppTests;
			productReference = 03C857C9290571050054178A /* HousesAppTests.xctest */;
			productType = "com.apple.product-type.bundle.unit-test";
		};
		03C857D3290571050054178A /* HousesAppUITests */ = {
			isa = PBXNativeTarget;
			buildConfigurationList = 03C857E3290571050054178A /* Build configuration list for PBXNativeTarget "HousesAppUITests" */;
			buildPhases = (
				F576B5368B8277848209723B /* [CP] Check Pods Manifest.lock */,
				03C857D0290571050054178A /* Sources */,
				03C857D1290571050054178A /* Frameworks */,
				03C857D2290571050054178A /* Resources */,
				40BA9E851A3AD7A75B613864 /* [CP] Embed Pods Frameworks */,
			);
			buildRules = (
			);
			dependencies = (
				03C857D6290571050054178A /* PBXTargetDependency */,
			);
			name = HousesAppUITests;
			productName = HousesAppUITests;
			productReference = 03C857D4290571050054178A /* HousesAppUITests.xctest */;
			productType = "com.apple.product-type.bundle.ui-testing";
		};
/* End PBXNativeTarget section */

/* Begin PBXProject section */
		03C857AB290571040054178A /* Project object */ = {
			isa = PBXProject;
			attributes = {
				LastSwiftUpdateCheck = 1250;
				LastUpgradeCheck = 1250;
				TargetAttributes = {
					03C857B2290571040054178A = {
						CreatedOnToolsVersion = 12.5;
					};
					03C857C8290571050054178A = {
						CreatedOnToolsVersion = 12.5;
						TestTargetID = 03C857B2290571040054178A;
					};
					03C857D3290571050054178A = {
						CreatedOnToolsVersion = 12.5;
						TestTargetID = 03C857B2290571040054178A;
					};
				};
			};
			buildConfigurationList = 03C857AE290571040054178A /* Build configuration list for PBXProject "HousesApp" */;
			compatibilityVersion = "Xcode 9.3";
			developmentRegion = en;
			hasScannedForEncodings = 0;
			knownRegions = (
				en,
				Base,
			);
			mainGroup = 03C857AA290571040054178A;
			productRefGroup = 03C857B4290571040054178A /* Products */;
			projectDirPath = "";
			projectRoot = "";
			targets = (
				03C857B2290571040054178A /* HousesApp */,
				03C857C8290571050054178A /* HousesAppTests */,
				03C857D3290571050054178A /* HousesAppUITests */,
			);
		};
/* End PBXProject section */

/* Begin PBXResourcesBuildPhase section */
		03C857B1290571040054178A /* Resources */ = {
			isa = PBXResourcesBuildPhase;
			buildActionMask = 2147483647;
			files = (
				0385D40D2909C277006BAE91 /* HousePhotosResponse.json in Resources */,
				0385D4162909D6A9006BAE91 /* Actor1880Response.json in Resources */,
				0385D4182909D6DB006BAE91 /* Actor1881Response.json in Resources */,
				0385D40B2909C1AE006BAE91 /* HousesResponse.json in Resources */,
				03C857C3290571050054178A /* LaunchScreen.storyboard in Resources */,
				0385D41A2909D715006BAE91 /* Actor1882Response.json in Resources */,
				03C857C0290571050054178A /* Assets.xcassets in Resources */,
				0385D41C2909D769006BAE91 /* PersonPhotosResponse.json in Resources */,
			);
			runOnlyForDeploymentPostprocessing = 0;
		};
		03C857C7290571050054178A /* Resources */ = {
			isa = PBXResourcesBuildPhase;
			buildActionMask = 2147483647;
			files = (
			);
			runOnlyForDeploymentPostprocessing = 0;
		};
		03C857D2290571050054178A /* Resources */ = {
			isa = PBXResourcesBuildPhase;
			buildActionMask = 2147483647;
			files = (
				0307DD87290B34C60060A951 /* HousePhotosResponse.json in Resources */,
				036187A4290C68E800BCBC3A /* PersonPhotosResponse.json in Resources */,
				0307DD82290B2C0A0060A951 /* HousesResponse.json in Resources */,
				036187AA290C692800BCBC3A /* Actor1882Response.json in Resources */,
				036187A6290C690000BCBC3A /* Actor1880Response.json in Resources */,
				036187A8290C691500BCBC3A /* Actor1881Response.json in Resources */,
			);
			runOnlyForDeploymentPostprocessing = 0;
		};
/* End PBXResourcesBuildPhase section */

/* Begin PBXShellScriptBuildPhase section */
		0A09C7B465B981E54843BF74 /* [CP] Check Pods Manifest.lock */ = {
			isa = PBXShellScriptBuildPhase;
			buildActionMask = 2147483647;
			files = (
			);
			inputFileListPaths = (
			);
			inputPaths = (
				"${PODS_PODFILE_DIR_PATH}/Podfile.lock",
				"${PODS_ROOT}/Manifest.lock",
			);
			name = "[CP] Check Pods Manifest.lock";
			outputFileListPaths = (
			);
			outputPaths = (
				"$(DERIVED_FILE_DIR)/Pods-HousesApp-checkManifestLockResult.txt",
			);
			runOnlyForDeploymentPostprocessing = 0;
			shellPath = /bin/sh;
			shellScript = "diff \"${PODS_PODFILE_DIR_PATH}/Podfile.lock\" \"${PODS_ROOT}/Manifest.lock\" > /dev/null\nif [ $? != 0 ] ; then\n    # print error to STDERR\n    echo \"error: The sandbox is not in sync with the Podfile.lock. Run 'pod install' or update your CocoaPods installation.\" >&2\n    exit 1\nfi\n# This output is used by Xcode 'outputs' to avoid re-running this script phase.\necho \"SUCCESS\" > \"${SCRIPT_OUTPUT_FILE_0}\"\n";
			showEnvVarsInLog = 0;
		};
		40BA9E851A3AD7A75B613864 /* [CP] Embed Pods Frameworks */ = {
			isa = PBXShellScriptBuildPhase;
			buildActionMask = 2147483647;
			files = (
			);
			inputFileListPaths = (
				"${PODS_ROOT}/Target Support Files/Pods-HousesApp-HousesAppUITests/Pods-HousesApp-HousesAppUITests-frameworks-${CONFIGURATION}-input-files.xcfilelist",
			);
			name = "[CP] Embed Pods Frameworks";
			outputFileListPaths = (
				"${PODS_ROOT}/Target Support Files/Pods-HousesApp-HousesAppUITests/Pods-HousesApp-HousesAppUITests-frameworks-${CONFIGURATION}-output-files.xcfilelist",
			);
			runOnlyForDeploymentPostprocessing = 0;
			shellPath = /bin/sh;
			shellScript = "\"${PODS_ROOT}/Target Support Files/Pods-HousesApp-HousesAppUITests/Pods-HousesApp-HousesAppUITests-frameworks.sh\"\n";
			showEnvVarsInLog = 0;
		};
		5D1BEC4A932A1A48A53166ED /* [CP] Check Pods Manifest.lock */ = {
			isa = PBXShellScriptBuildPhase;
			buildActionMask = 2147483647;
			files = (
			);
			inputFileListPaths = (
			);
			inputPaths = (
				"${PODS_PODFILE_DIR_PATH}/Podfile.lock",
				"${PODS_ROOT}/Manifest.lock",
			);
			name = "[CP] Check Pods Manifest.lock";
			outputFileListPaths = (
			);
			outputPaths = (
				"$(DERIVED_FILE_DIR)/Pods-HousesAppTests-checkManifestLockResult.txt",
			);
			runOnlyForDeploymentPostprocessing = 0;
			shellPath = /bin/sh;
			shellScript = "diff \"${PODS_PODFILE_DIR_PATH}/Podfile.lock\" \"${PODS_ROOT}/Manifest.lock\" > /dev/null\nif [ $? != 0 ] ; then\n    # print error to STDERR\n    echo \"error: The sandbox is not in sync with the Podfile.lock. Run 'pod install' or update your CocoaPods installation.\" >&2\n    exit 1\nfi\n# This output is used by Xcode 'outputs' to avoid re-running this script phase.\necho \"SUCCESS\" > \"${SCRIPT_OUTPUT_FILE_0}\"\n";
			showEnvVarsInLog = 0;
		};
		B353D431C1FB35F5550026A7 /* [CP] Embed Pods Frameworks */ = {
			isa = PBXShellScriptBuildPhase;
			buildActionMask = 2147483647;
			files = (
			);
			inputFileListPaths = (
				"${PODS_ROOT}/Target Support Files/Pods-HousesApp/Pods-HousesApp-frameworks-${CONFIGURATION}-input-files.xcfilelist",
			);
			name = "[CP] Embed Pods Frameworks";
			outputFileListPaths = (
				"${PODS_ROOT}/Target Support Files/Pods-HousesApp/Pods-HousesApp-frameworks-${CONFIGURATION}-output-files.xcfilelist",
			);
			runOnlyForDeploymentPostprocessing = 0;
			shellPath = /bin/sh;
			shellScript = "\"${PODS_ROOT}/Target Support Files/Pods-HousesApp/Pods-HousesApp-frameworks.sh\"\n";
			showEnvVarsInLog = 0;
		};
		F576B5368B8277848209723B /* [CP] Check Pods Manifest.lock */ = {
			isa = PBXShellScriptBuildPhase;
			buildActionMask = 2147483647;
			files = (
			);
			inputFileListPaths = (
			);
			inputPaths = (
				"${PODS_PODFILE_DIR_PATH}/Podfile.lock",
				"${PODS_ROOT}/Manifest.lock",
			);
			name = "[CP] Check Pods Manifest.lock";
			outputFileListPaths = (
			);
			outputPaths = (
				"$(DERIVED_FILE_DIR)/Pods-HousesApp-HousesAppUITests-checkManifestLockResult.txt",
			);
			runOnlyForDeploymentPostprocessing = 0;
			shellPath = /bin/sh;
			shellScript = "diff \"${PODS_PODFILE_DIR_PATH}/Podfile.lock\" \"${PODS_ROOT}/Manifest.lock\" > /dev/null\nif [ $? != 0 ] ; then\n    # print error to STDERR\n    echo \"error: The sandbox is not in sync with the Podfile.lock. Run 'pod install' or update your CocoaPods installation.\" >&2\n    exit 1\nfi\n# This output is used by Xcode 'outputs' to avoid re-running this script phase.\necho \"SUCCESS\" > \"${SCRIPT_OUTPUT_FILE_0}\"\n";
			showEnvVarsInLog = 0;
		};
/* End PBXShellScriptBuildPhase section */

/* Begin PBXSourcesBuildPhase section */
		03C857AF290571040054178A /* Sources */ = {
			isa = PBXSourcesBuildPhase;
			buildActionMask = 2147483647;
			files = (
				03C8584729059B1B0054178A /* UICollectionView.swift in Sources */,
				03C857F6290573400054178A /* UIView.swift in Sources */,
				03C8583A290587110054178A /* ErrorDataView.swift in Sources */,
				037430702905D34B00FEABB7 /* HouseDetailsViewModelProtocol.swift in Sources */,
				03C85831290582F10054178A /* JSONCodingKey.swift in Sources */,
				03C85801290579350054178A /* APIManagerProtocol.swift in Sources */,
				03C8581F290580FB0054178A /* UserLinks.swift in Sources */,
				03C85819290580300054178A /* Ancestry.swift in Sources */,
				03C85835290585F20054178A /* BaseViewController.swift in Sources */,
				03C858272905818F0054178A /* ColorOfWater.swift in Sources */,
				03C8581329057FA80054178A /* ResultLinks.swift in Sources */,
				0376F57729072D4E00EB598D /* ActorService.swift in Sources */,
				0334A36C2908790000C4EAAE /* TitleCell.swift in Sources */,
				03C8580B29057E8C0054178A /* HouseService.swift in Sources */,
				03C85803290579410054178A /* APIManager.swift in Sources */,
				0376F56D290719EC00EB598D /* PhotoViewData.swift in Sources */,
				03C857FF290575F60054178A /* MainCoordinator.swift in Sources */,
				03C85821290581340054178A /* ProfileImage.swift in Sources */,
				03C8582F290582AF0054178A /* JSONAny.swift in Sources */,
				03C85805290579840054178A /* EndPoint.swift in Sources */,
				03C8581129057F790054178A /* PhotoQueryItem.swift in Sources */,
				0350B53E290DB998004D0ED5 /* UIGalleryView.swift in Sources */,
				03C85833290583370054178A /* PhotoService.swift in Sources */,
				03C858172905801C0054178A /* Source.swift in Sources */,
				03C85823290581520054178A /* Social.swift in Sources */,
				0376F5732907257E00EB598D /* PhotoCell.swift in Sources */,
				03C857BB290571040054178A /* HousesController.swift in Sources */,
				03C85825290581840054178A /* ResultTopicSubmissions.swift in Sources */,
				03C857B7290571040054178A /* AppDelegate.swift in Sources */,
				03C8583E290587DB0054178A /* HousesViewModelProtocol.swift in Sources */,
				037430682905CFFE00FEABB7 /* HousesController+BindingModel.swift in Sources */,
				03C857FB290574370054178A /* UINavigationController.swift in Sources */,
				0376F56F29071D5600EB598D /* BasePhotoCell.swift in Sources */,
				03C8581529057FAF0054178A /* Tag.swift in Sources */,
				03C85807290579940054178A /* Method.swift in Sources */,
				0350B542290DC41E004D0ED5 /* UIStackView.swift in Sources */,
				037430722905D35C00FEABB7 /* HouseDetailsViewModel.swift in Sources */,
				03C8582D290582970054178A /* JSONNull.swift in Sources */,
				0350B544290DCAB5004D0ED5 /* UIActorView.swift in Sources */,
				0376F5712907253000EB598D /* ActorCell.swift in Sources */,
				03C8581B290580B40054178A /* Urls.swift in Sources */,
				03C8583C290587940054178A /* HousesViewModel.swift in Sources */,
				03C8580D29057ED40054178A /* HouseQueryItem.swift in Sources */,
				03923585290D73F200630A58 /* SplashController.swift in Sources */,
				03C858372905860B0054178A /* BaseViewModelProtocol.swift in Sources */,
				0374306E2905D33700FEABB7 /* HouseDetailsController.swift in Sources */,
				03C8580F29057F3C0054178A /* PhotoQuery.swift in Sources */,
				03C857B9290571040054178A /* SceneDelegate.swift in Sources */,
				03C85845290592630054178A /* HouseViewData.swift in Sources */,
				03C8582B290581F60054178A /* CoverPhoto.swift in Sources */,
				03C857EE290571DD0054178A /* Constant.swift in Sources */,
				03C8584329058E480054178A /* PhotoParams.swift in Sources */,
				03C85829290581CB0054178A /* Category.swift in Sources */,
				03C857FD290575EB0054178A /* Coordinator.swift in Sources */,
				03C85809290579AB0054178A /* APIError.swift in Sources */,
				0376F57A2907390100EB598D /* ActorViewData.swift in Sources */,
				0376F57529072D1600EB598D /* ActorQueryItem.swift in Sources */,
				03C8584029058A710054178A /* HouseCell.swift in Sources */,
				03C8581D290580C90054178A /* User.swift in Sources */,
			);
			runOnlyForDeploymentPostprocessing = 0;
		};
		03C857C5290571050054178A /* Sources */ = {
			isa = PBXSourcesBuildPhase;
			buildActionMask = 2147483647;
			files = (
				03841838290B0DB600B4A2BE /* ActualServicesTests.swift in Sources */,
				0385D40F2909C949006BAE91 /* MockPhotoService.swift in Sources */,
				0385D4092909C027006BAE91 /* MockHouseService.swift in Sources */,
				03C857CE290571050054178A /* MockServicesTests.swift in Sources */,
				0385D4142909D5A2006BAE91 /* MockActorService.swift in Sources */,
				0385D41E2909DC97006BAE91 /* HouseDetailsViewModelTests.swift in Sources */,
				0385D4122909CB3E006BAE91 /* HousesViewModelTests.swift in Sources */,
			);
			runOnlyForDeploymentPostprocessing = 0;
		};
		03C857D0290571050054178A /* Sources */ = {
			isa = PBXSourcesBuildPhase;
			buildActionMask = 2147483647;
			files = (
				0310EBD5290BFD3000F806A1 /* SuperXCTestCase.swift in Sources */,
				03923587290D807F00630A58 /* SplashUITest.swift in Sources */,
				03C857D9290571050054178A /* HousesUITests.swift in Sources */,
				0307DD85290B2FCA0060A951 /* TestUtil.swift in Sources */,
				0310EBD7290C042A00F806A1 /* HouseDetailsUITests.swift in Sources */,
			);
			runOnlyForDeploymentPostprocessing = 0;
		};
/* End PBXSourcesBuildPhase section */

/* Begin PBXTargetDependency section */
		03C857CB290571050054178A /* PBXTargetDependency */ = {
			isa = PBXTargetDependency;
			target = 03C857B2290571040054178A /* HousesApp */;
			targetProxy = 03C857CA290571050054178A /* PBXContainerItemProxy */;
		};
		03C857D6290571050054178A /* PBXTargetDependency */ = {
			isa = PBXTargetDependency;
			target = 03C857B2290571040054178A /* HousesApp */;
			targetProxy = 03C857D5290571050054178A /* PBXContainerItemProxy */;
		};
/* End PBXTargetDependency section */

/* Begin PBXVariantGroup section */
		03C857C1290571050054178A /* LaunchScreen.storyboard */ = {
			isa = PBXVariantGroup;
			children = (
				03C857C2290571050054178A /* Base */,
			);
			name = LaunchScreen.storyboard;
			sourceTree = "<group>";
		};
/* End PBXVariantGroup section */

/* Begin XCBuildConfiguration section */
		03C857DB290571050054178A /* Debug */ = {
			isa = XCBuildConfiguration;
			buildSettings = {
				ALWAYS_SEARCH_USER_PATHS = NO;
				CLANG_ANALYZER_NONNULL = YES;
				CLANG_ANALYZER_NUMBER_OBJECT_CONVERSION = YES_AGGRESSIVE;
				CLANG_CXX_LANGUAGE_STANDARD = "gnu++14";
				CLANG_CXX_LIBRARY = "libc++";
				CLANG_ENABLE_MODULES = YES;
				CLANG_ENABLE_OBJC_ARC = YES;
				CLANG_ENABLE_OBJC_WEAK = YES;
				CLANG_WARN_BLOCK_CAPTURE_AUTORELEASING = YES;
				CLANG_WARN_BOOL_CONVERSION = YES;
				CLANG_WARN_COMMA = YES;
				CLANG_WARN_CONSTANT_CONVERSION = YES;
				CLANG_WARN_DEPRECATED_OBJC_IMPLEMENTATIONS = YES;
				CLANG_WARN_DIRECT_OBJC_ISA_USAGE = YES_ERROR;
				CLANG_WARN_DOCUMENTATION_COMMENTS = YES;
				CLANG_WARN_EMPTY_BODY = YES;
				CLANG_WARN_ENUM_CONVERSION = YES;
				CLANG_WARN_INFINITE_RECURSION = YES;
				CLANG_WARN_INT_CONVERSION = YES;
				CLANG_WARN_NON_LITERAL_NULL_CONVERSION = YES;
				CLANG_WARN_OBJC_IMPLICIT_RETAIN_SELF = YES;
				CLANG_WARN_OBJC_LITERAL_CONVERSION = YES;
				CLANG_WARN_OBJC_ROOT_CLASS = YES_ERROR;
				CLANG_WARN_QUOTED_INCLUDE_IN_FRAMEWORK_HEADER = YES;
				CLANG_WARN_RANGE_LOOP_ANALYSIS = YES;
				CLANG_WARN_STRICT_PROTOTYPES = YES;
				CLANG_WARN_SUSPICIOUS_MOVE = YES;
				CLANG_WARN_UNGUARDED_AVAILABILITY = YES_AGGRESSIVE;
				CLANG_WARN_UNREACHABLE_CODE = YES;
				CLANG_WARN__DUPLICATE_METHOD_MATCH = YES;
				COPY_PHASE_STRIP = NO;
				DEBUG_INFORMATION_FORMAT = dwarf;
				ENABLE_STRICT_OBJC_MSGSEND = YES;
				ENABLE_TESTABILITY = YES;
				GCC_C_LANGUAGE_STANDARD = gnu11;
				GCC_DYNAMIC_NO_PIC = NO;
				GCC_NO_COMMON_BLOCKS = YES;
				GCC_OPTIMIZATION_LEVEL = 0;
				GCC_PREPROCESSOR_DEFINITIONS = (
					"DEBUG=1",
					"$(inherited)",
				);
				GCC_WARN_64_TO_32_BIT_CONVERSION = YES;
				GCC_WARN_ABOUT_RETURN_TYPE = YES_ERROR;
				GCC_WARN_UNDECLARED_SELECTOR = YES;
				GCC_WARN_UNINITIALIZED_AUTOS = YES_AGGRESSIVE;
				GCC_WARN_UNUSED_FUNCTION = YES;
				GCC_WARN_UNUSED_VARIABLE = YES;
				IPHONEOS_DEPLOYMENT_TARGET = 14.5;
				MTL_ENABLE_DEBUG_INFO = INCLUDE_SOURCE;
				MTL_FAST_MATH = YES;
				ONLY_ACTIVE_ARCH = YES;
				SDKROOT = iphoneos;
				SWIFT_ACTIVE_COMPILATION_CONDITIONS = DEBUG;
				SWIFT_OPTIMIZATION_LEVEL = "-Onone";
			};
			name = Debug;
		};
		03C857DC290571050054178A /* Release */ = {
			isa = XCBuildConfiguration;
			buildSettings = {
				ALWAYS_SEARCH_USER_PATHS = NO;
				CLANG_ANALYZER_NONNULL = YES;
				CLANG_ANALYZER_NUMBER_OBJECT_CONVERSION = YES_AGGRESSIVE;
				CLANG_CXX_LANGUAGE_STANDARD = "gnu++14";
				CLANG_CXX_LIBRARY = "libc++";
				CLANG_ENABLE_MODULES = YES;
				CLANG_ENABLE_OBJC_ARC = YES;
				CLANG_ENABLE_OBJC_WEAK = YES;
				CLANG_WARN_BLOCK_CAPTURE_AUTORELEASING = YES;
				CLANG_WARN_BOOL_CONVERSION = YES;
				CLANG_WARN_COMMA = YES;
				CLANG_WARN_CONSTANT_CONVERSION = YES;
				CLANG_WARN_DEPRECATED_OBJC_IMPLEMENTATIONS = YES;
				CLANG_WARN_DIRECT_OBJC_ISA_USAGE = YES_ERROR;
				CLANG_WARN_DOCUMENTATION_COMMENTS = YES;
				CLANG_WARN_EMPTY_BODY = YES;
				CLANG_WARN_ENUM_CONVERSION = YES;
				CLANG_WARN_INFINITE_RECURSION = YES;
				CLANG_WARN_INT_CONVERSION = YES;
				CLANG_WARN_NON_LITERAL_NULL_CONVERSION = YES;
				CLANG_WARN_OBJC_IMPLICIT_RETAIN_SELF = YES;
				CLANG_WARN_OBJC_LITERAL_CONVERSION = YES;
				CLANG_WARN_OBJC_ROOT_CLASS = YES_ERROR;
				CLANG_WARN_QUOTED_INCLUDE_IN_FRAMEWORK_HEADER = YES;
				CLANG_WARN_RANGE_LOOP_ANALYSIS = YES;
				CLANG_WARN_STRICT_PROTOTYPES = YES;
				CLANG_WARN_SUSPICIOUS_MOVE = YES;
				CLANG_WARN_UNGUARDED_AVAILABILITY = YES_AGGRESSIVE;
				CLANG_WARN_UNREACHABLE_CODE = YES;
				CLANG_WARN__DUPLICATE_METHOD_MATCH = YES;
				COPY_PHASE_STRIP = NO;
				DEBUG_INFORMATION_FORMAT = "dwarf-with-dsym";
				ENABLE_NS_ASSERTIONS = NO;
				ENABLE_STRICT_OBJC_MSGSEND = YES;
				GCC_C_LANGUAGE_STANDARD = gnu11;
				GCC_NO_COMMON_BLOCKS = YES;
				GCC_WARN_64_TO_32_BIT_CONVERSION = YES;
				GCC_WARN_ABOUT_RETURN_TYPE = YES_ERROR;
				GCC_WARN_UNDECLARED_SELECTOR = YES;
				GCC_WARN_UNINITIALIZED_AUTOS = YES_AGGRESSIVE;
				GCC_WARN_UNUSED_FUNCTION = YES;
				GCC_WARN_UNUSED_VARIABLE = YES;
				IPHONEOS_DEPLOYMENT_TARGET = 14.5;
				MTL_ENABLE_DEBUG_INFO = NO;
				MTL_FAST_MATH = YES;
				SDKROOT = iphoneos;
				SWIFT_COMPILATION_MODE = wholemodule;
				SWIFT_OPTIMIZATION_LEVEL = "-O";
				VALIDATE_PRODUCT = YES;
			};
			name = Release;
		};
		03C857DE290571050054178A /* Debug */ = {
			isa = XCBuildConfiguration;
			baseConfigurationReference = 1C77F0E80A6C91C101B8C026 /* Pods-HousesApp.debug.xcconfig */;
			buildSettings = {
				ASSETCATALOG_COMPILER_APPICON_NAME = AppIcon;
				ASSETCATALOG_COMPILER_GLOBAL_ACCENT_COLOR_NAME = AccentColor;
				CODE_SIGN_STYLE = Automatic;
				INFOPLIST_FILE = HousesApp/Utilities/Info.plist;
				LD_RUNPATH_SEARCH_PATHS = (
					"$(inherited)",
					"@executable_path/Frameworks",
				);
				PRODUCT_BUNDLE_IDENTIFIER = com.HousesApp.Identifier;
				PRODUCT_NAME = "$(TARGET_NAME)";
				SWIFT_VERSION = 5.0;
				TARGETED_DEVICE_FAMILY = "1,2";
			};
			name = Debug;
		};
		03C857DF290571050054178A /* Release */ = {
			isa = XCBuildConfiguration;
			baseConfigurationReference = 9E8DAA2551264982875FB76A /* Pods-HousesApp.release.xcconfig */;
			buildSettings = {
				ASSETCATALOG_COMPILER_APPICON_NAME = AppIcon;
				ASSETCATALOG_COMPILER_GLOBAL_ACCENT_COLOR_NAME = AccentColor;
				CODE_SIGN_STYLE = Automatic;
				INFOPLIST_FILE = HousesApp/Utilities/Info.plist;
				LD_RUNPATH_SEARCH_PATHS = (
					"$(inherited)",
					"@executable_path/Frameworks",
				);
				PRODUCT_BUNDLE_IDENTIFIER = com.HousesApp.Identifier;
				PRODUCT_NAME = "$(TARGET_NAME)";
				SWIFT_VERSION = 5.0;
				TARGETED_DEVICE_FAMILY = "1,2";
			};
			name = Release;
		};
		03C857E1290571050054178A /* Debug */ = {
			isa = XCBuildConfiguration;
			baseConfigurationReference = D91F44A59C2977FA16A6F6A9 /* Pods-HousesAppTests.debug.xcconfig */;
			buildSettings = {
				ALWAYS_EMBED_SWIFT_STANDARD_LIBRARIES = YES;
				BUNDLE_LOADER = "$(TEST_HOST)";
				CODE_SIGN_STYLE = Automatic;
				INFOPLIST_FILE = HousesAppTests/Info.plist;
				IPHONEOS_DEPLOYMENT_TARGET = 14.5;
				LD_RUNPATH_SEARCH_PATHS = (
					"$(inherited)",
					"@executable_path/Frameworks",
					"@loader_path/Frameworks",
				);
				PRODUCT_BUNDLE_IDENTIFIER = Moh.HousesAppTests;
				PRODUCT_NAME = "$(TARGET_NAME)";
				SWIFT_VERSION = 5.0;
				TARGETED_DEVICE_FAMILY = "1,2";
				TEST_HOST = "$(BUILT_PRODUCTS_DIR)/HousesApp.app/HousesApp";
			};
			name = Debug;
		};
		03C857E2290571050054178A /* Release */ = {
			isa = XCBuildConfiguration;
			baseConfigurationReference = EDED444B5431942E87000F69 /* Pods-HousesAppTests.release.xcconfig */;
			buildSettings = {
				ALWAYS_EMBED_SWIFT_STANDARD_LIBRARIES = YES;
				BUNDLE_LOADER = "$(TEST_HOST)";
				CODE_SIGN_STYLE = Automatic;
				INFOPLIST_FILE = HousesAppTests/Info.plist;
				IPHONEOS_DEPLOYMENT_TARGET = 14.5;
				LD_RUNPATH_SEARCH_PATHS = (
					"$(inherited)",
					"@executable_path/Frameworks",
					"@loader_path/Frameworks",
				);
				PRODUCT_BUNDLE_IDENTIFIER = Moh.HousesAppTests;
				PRODUCT_NAME = "$(TARGET_NAME)";
				SWIFT_VERSION = 5.0;
				TARGETED_DEVICE_FAMILY = "1,2";
				TEST_HOST = "$(BUILT_PRODUCTS_DIR)/HousesApp.app/HousesApp";
			};
			name = Release;
		};
		03C857E4290571050054178A /* Debug */ = {
			isa = XCBuildConfiguration;
			baseConfigurationReference = 4E50C8088B3A9AD881AF9953 /* Pods-HousesApp-HousesAppUITests.debug.xcconfig */;
			buildSettings = {
				ALWAYS_EMBED_SWIFT_STANDARD_LIBRARIES = YES;
				CODE_SIGN_STYLE = Automatic;
				INFOPLIST_FILE = HousesAppUITests/Info.plist;
				LD_RUNPATH_SEARCH_PATHS = (
					"$(inherited)",
					"@executable_path/Frameworks",
					"@loader_path/Frameworks",
				);
				PRODUCT_BUNDLE_IDENTIFIER = Moh.HousesAppUITests;
				PRODUCT_NAME = "$(TARGET_NAME)";
				SWIFT_VERSION = 5.0;
				TARGETED_DEVICE_FAMILY = "1,2";
				TEST_TARGET_NAME = HousesApp;
			};
			name = Debug;
		};
		03C857E5290571050054178A /* Release */ = {
			isa = XCBuildConfiguration;
			baseConfigurationReference = DCCA782DE3D699A55A78EA51 /* Pods-HousesApp-HousesAppUITests.release.xcconfig */;
			buildSettings = {
				ALWAYS_EMBED_SWIFT_STANDARD_LIBRARIES = YES;
				CODE_SIGN_STYLE = Automatic;
				INFOPLIST_FILE = HousesAppUITests/Info.plist;
				LD_RUNPATH_SEARCH_PATHS = (
					"$(inherited)",
					"@executable_path/Frameworks",
					"@loader_path/Frameworks",
				);
				PRODUCT_BUNDLE_IDENTIFIER = Moh.HousesAppUITests;
				PRODUCT_NAME = "$(TARGET_NAME)";
				SWIFT_VERSION = 5.0;
				TARGETED_DEVICE_FAMILY = "1,2";
				TEST_TARGET_NAME = HousesApp;
			};
			name = Release;
		};
/* End XCBuildConfiguration section */

/* Begin XCConfigurationList section */
		03C857AE290571040054178A /* Build configuration list for PBXProject "HousesApp" */ = {
			isa = XCConfigurationList;
			buildConfigurations = (
				03C857DB290571050054178A /* Debug */,
				03C857DC290571050054178A /* Release */,
			);
			defaultConfigurationIsVisible = 0;
			defaultConfigurationName = Release;
		};
		03C857DD290571050054178A /* Build configuration list for PBXNativeTarget "HousesApp" */ = {
			isa = XCConfigurationList;
			buildConfigurations = (
				03C857DE290571050054178A /* Debug */,
				03C857DF290571050054178A /* Release */,
			);
			defaultConfigurationIsVisible = 0;
			defaultConfigurationName = Release;
		};
		03C857E0290571050054178A /* Build configuration list for PBXNativeTarget "HousesAppTests" */ = {
			isa = XCConfigurationList;
			buildConfigurations = (
				03C857E1290571050054178A /* Debug */,
				03C857E2290571050054178A /* Release */,
			);
			defaultConfigurationIsVisible = 0;
			defaultConfigurationName = Release;
		};
		03C857E3290571050054178A /* Build configuration list for PBXNativeTarget "HousesAppUITests" */ = {
			isa = XCConfigurationList;
			buildConfigurations = (
				03C857E4290571050054178A /* Debug */,
				03C857E5290571050054178A /* Release */,
			);
			defaultConfigurationIsVisible = 0;
			defaultConfigurationName = Release;
		};
/* End XCConfigurationList section */
	};
	rootObject = 03C857AB290571040054178A /* Project object */;
}
